// !$*UTF8*$!
{
	archiveVersion = 1;
	classes = {
	};
	objectVersion = 50;
	objects = {

/* Begin PBXBuildFile section */
		981C1E802402C1F0008EF1E8 /* DetailView.swift in Sources */ = {isa = PBXBuildFile; fileRef = 981C1E7F2402C1F0008EF1E8 /* DetailView.swift */; };
		981C1E822402C6EC008EF1E8 /* WebView.swift in Sources */ = {isa = PBXBuildFile; fileRef = 981C1E812402C6EC008EF1E8 /* WebView.swift */; };
		9847919524019AC4003259C2 /* AppDelegate.swift in Sources */ = {isa = PBXBuildFile; fileRef = 9847919424019AC4003259C2 /* AppDelegate.swift */; };
		9847919724019AC4003259C2 /* SceneDelegate.swift in Sources */ = {isa = PBXBuildFile; fileRef = 9847919624019AC4003259C2 /* SceneDelegate.swift */; };
		9847919924019AC4003259C2 /* ContentView.swift in Sources */ = {isa = PBXBuildFile; fileRef = 9847919824019AC4003259C2 /* ContentView.swift */; };
		9847919B24019AC8003259C2 /* Assets.xcassets in Resources */ = {isa = PBXBuildFile; fileRef = 9847919A24019AC8003259C2 /* Assets.xcassets */; };
		9847919E24019AC8003259C2 /* Preview Assets.xcassets in Resources */ = {isa = PBXBuildFile; fileRef = 9847919D24019AC8003259C2 /* Preview Assets.xcassets */; };
		984791A124019AC8003259C2 /* LaunchScreen.storyboard in Resources */ = {isa = PBXBuildFile; fileRef = 9847919F24019AC8003259C2 /* LaunchScreen.storyboard */; };
		984791AA24019F18003259C2 /* NetworkManager.swift in Sources */ = {isa = PBXBuildFile; fileRef = 984791A924019F18003259C2 /* NetworkManager.swift */; };
		984791AC2401A12E003259C2 /* PostData.swift in Sources */ = {isa = PBXBuildFile; fileRef = 984791AB2401A12E003259C2 /* PostData.swift */; };
/* End PBXBuildFile section */

/* Begin PBXFileReference section */
		981C1E7F2402C1F0008EF1E8 /* DetailView.swift */ = {isa = PBXFileReference; lastKnownFileType = sourcecode.swift; path = DetailView.swift; sourceTree = "<group>"; };
		981C1E812402C6EC008EF1E8 /* WebView.swift */ = {isa = PBXFileReference; lastKnownFileType = sourcecode.swift; path = WebView.swift; sourceTree = "<group>"; };
		981C1E842402D40C008EF1E8 /* H4X0R News  SwiftUI.entitlements */ = {isa = PBXFileReference; lastKnownFileType = text.plist.entitlements; path = "H4X0R News  SwiftUI.entitlements"; sourceTree = "<group>"; };
		9847919124019AC4003259C2 /* H4X0R News  SwiftUI.app */ = {isa = PBXFileReference; explicitFileType = wrapper.application; includeInIndex = 0; path = "H4X0R News  SwiftUI.app"; sourceTree = BUILT_PRODUCTS_DIR; };
		9847919424019AC4003259C2 /* AppDelegate.swift */ = {isa = PBXFileReference; lastKnownFileType = sourcecode.swift; path = AppDelegate.swift; sourceTree = "<group>"; };
		9847919624019AC4003259C2 /* SceneDelegate.swift */ = {isa = PBXFileReference; lastKnownFileType = sourcecode.swift; path = SceneDelegate.swift; sourceTree = "<group>"; };
		9847919824019AC4003259C2 /* ContentView.swift */ = {isa = PBXFileReference; lastKnownFileType = sourcecode.swift; path = ContentView.swift; sourceTree = "<group>"; };
		9847919A24019AC8003259C2 /* Assets.xcassets */ = {isa = PBXFileReference; lastKnownFileType = folder.assetcatalog; path = Assets.xcassets; sourceTree = "<group>"; };
		9847919D24019AC8003259C2 /* Preview Assets.xcassets */ = {isa = PBXFileReference; lastKnownFileType = folder.assetcatalog; path = "Preview Assets.xcassets"; sourceTree = "<group>"; };
		984791A024019AC8003259C2 /* Base */ = {isa = PBXFileReference; lastKnownFileType = file.storyboard; name = Base; path = Base.lproj/LaunchScreen.storyboard; sourceTree = "<group>"; };
		984791A224019AC8003259C2 /* Info.plist */ = {isa = PBXFileReference; lastKnownFileType = text.plist.xml; path = Info.plist; sourceTree = "<group>"; };
		984791A924019F18003259C2 /* NetworkManager.swift */ = {isa = PBXFileReference; lastKnownFileType = sourcecode.swift; path = NetworkManager.swift; sourceTree = "<group>"; };
		984791AB2401A12E003259C2 /* PostData.swift */ = {isa = PBXFileReference; lastKnownFileType = sourcecode.swift; path = PostData.swift; sourceTree = "<group>"; };
/* End PBXFileReference section */

/* Begin PBXFrameworksBuildPhase section */
		9847918E24019AC4003259C2 /* Frameworks */ = {
			isa = PBXFrameworksBuildPhase;
			buildActionMask = 2147483647;
			files = (
			);
			runOnlyForDeploymentPostprocessing = 0;
		};
/* End PBXFrameworksBuildPhase section */

/* Begin PBXGroup section */
		981C1E7E2402C1C3008EF1E8 /* Views */ = {
			isa = PBXGroup;
			children = (
				9847919824019AC4003259C2 /* ContentView.swift */,
				981C1E7F2402C1F0008EF1E8 /* DetailView.swift */,
				981C1E812402C6EC008EF1E8 /* WebView.swift */,
			);
			path = Views;
			sourceTree = "<group>";
		};
		9847918824019AC4003259C2 = {
			isa = PBXGroup;
			children = (
				9847919324019AC4003259C2 /* H4X0R News  SwiftUI */,
				9847919224019AC4003259C2 /* Products */,
			);
			sourceTree = "<group>";
		};
		9847919224019AC4003259C2 /* Products */ = {
			isa = PBXGroup;
			children = (
				9847919124019AC4003259C2 /* H4X0R News  SwiftUI.app */,
			);
			name = Products;
			sourceTree = "<group>";
		};
		9847919324019AC4003259C2 /* H4X0R News  SwiftUI */ = {
			isa = PBXGroup;
			children = (
				981C1E842402D40C008EF1E8 /* H4X0R News  SwiftUI.entitlements */,
				9847919424019AC4003259C2 /* AppDelegate.swift */,
				9847919624019AC4003259C2 /* SceneDelegate.swift */,
				981C1E7E2402C1C3008EF1E8 /* Views */,
				984791A824019EF3003259C2 /* Models */,
				9847919A24019AC8003259C2 /* Assets.xcassets */,
				9847919F24019AC8003259C2 /* LaunchScreen.storyboard */,
				984791A224019AC8003259C2 /* Info.plist */,
				9847919C24019AC8003259C2 /* Preview Content */,
			);
			path = "H4X0R News  SwiftUI";
			sourceTree = "<group>";
		};
		9847919C24019AC8003259C2 /* Preview Content */ = {
			isa = PBXGroup;
			children = (
				9847919D24019AC8003259C2 /* Preview Assets.xcassets */,
			);
			path = "Preview Content";
			sourceTree = "<group>";
		};
		984791A824019EF3003259C2 /* Models */ = {
			isa = PBXGroup;
			children = (
				984791A924019F18003259C2 /* NetworkManager.swift */,
				984791AB2401A12E003259C2 /* PostData.swift */,
			);
			path = Models;
			sourceTree = "<group>";
		};
/* End PBXGroup section */

/* Begin PBXNativeTarget section */
		9847919024019AC4003259C2 /* H4X0R News  SwiftUI */ = {
			isa = PBXNativeTarget;
			buildConfigurationList = 984791A524019AC8003259C2 /* Build configuration list for PBXNativeTarget "H4X0R News  SwiftUI" */;
			buildPhases = (
				9847918D24019AC4003259C2 /* Sources */,
				9847918E24019AC4003259C2 /* Frameworks */,
				9847918F24019AC4003259C2 /* Resources */,
			);
			buildRules = (
			);
			dependencies = (
			);
			name = "H4X0R News  SwiftUI";
			productName = "H4X0R News  SwiftUI";
			productReference = 9847919124019AC4003259C2 /* H4X0R News  SwiftUI.app */;
			productType = "com.apple.product-type.application";
		};
/* End PBXNativeTarget section */

/* Begin PBXProject section */
		9847918924019AC4003259C2 /* Project object */ = {
			isa = PBXProject;
			attributes = {
				LastSwiftUpdateCheck = 1130;
				LastUpgradeCheck = 1130;
				ORGANIZATIONNAME = "Alikhan Batchaev";
				TargetAttributes = {
					9847919024019AC4003259C2 = {
						CreatedOnToolsVersion = 11.3.1;
					};
				};
			};
			buildConfigurationList = 9847918C24019AC4003259C2 /* Build configuration list for PBXProject "H4X0R News  SwiftUI" */;
			compatibilityVersion = "Xcode 9.3";
			developmentRegion = en;
			hasScannedForEncodings = 0;
			knownRegions = (
				en,
				Base,
			);
			mainGroup = 9847918824019AC4003259C2;
			productRefGroup = 9847919224019AC4003259C2 /* Products */;
			projectDirPath = "";
			projectRoot = "";
			targets = (
				9847919024019AC4003259C2 /* H4X0R News  SwiftUI */,
			);
		};
/* End PBXProject section */

/* Begin PBXResourcesBuildPhase section */
		9847918F24019AC4003259C2 /* Resources */ = {
			isa = PBXResourcesBuildPhase;
			buildActionMask = 2147483647;
			files = (
				984791A124019AC8003259C2 /* LaunchScreen.storyboard in Resources */,
				9847919E24019AC8003259C2 /* Preview Assets.xcassets in Resources */,
				9847919B24019AC8003259C2 /* Assets.xcassets in Resources */,
			);
			runOnlyForDeploymentPostprocessing = 0;
		};
/* End PBXResourcesBuildPhase section */

/* Begin PBXSourcesBuildPhase section */
		9847918D24019AC4003259C2 /* Sources */ = {
			isa = PBXSourcesBuildPhase;
			buildActionMask = 2147483647;
			files = (
				984791AC2401A12E003259C2 /* PostData.swift in Sources */,
				981C1E802402C1F0008EF1E8 /* DetailView.swift in Sources */,
				984791AA24019F18003259C2 /* NetworkManager.swift in Sources */,
				9847919524019AC4003259C2 /* AppDelegate.swift in Sources */,
				9847919724019AC4003259C2 /* SceneDelegate.swift in Sources */,
				9847919924019AC4003259C2 /* ContentView.swift in Sources */,
				981C1E822402C6EC008EF1E8 /* WebView.swift in Sources */,
			);
			runOnlyForDeploymentPostprocessing = 0;
		};
/* End PBXSourcesBuildPhase section */

/* Begin PBXVariantGroup section */
		9847919F24019AC8003259C2 /* LaunchScreen.storyboard */ = {
			isa = PBXVariantGroup;
			children = (
				984791A024019AC8003259C2 /* Base */,
			);
			name = LaunchScreen.storyboard;
			sourceTree = "<group>";
		};
/* End PBXVariantGroup section */

/* Begin XCBuildConfiguration section */
		984791A324019AC8003259C2 /* Debug */ = {
			isa = XCBuildConfiguration;
			buildSettings = {
				ALWAYS_SEARCH_USER_PATHS = NO;
				CLANG_ANALYZER_NONNULL = YES;
				CLANG_ANALYZER_NUMBER_OBJECT_CONVERSION = YES_AGGRESSIVE;
				CLANG_CXX_LANGUAGE_STANDARD = "gnu++14";
				CLANG_CXX_LIBRARY = "libc++";
				CLANG_ENABLE_MODULES = YES;
				CLANG_ENABLE_OBJC_ARC = YES;
				CLANG_ENABLE_OBJC_WEAK = YES;
				CLANG_WARN_BLOCK_CAPTURE_AUTORELEASING = YES;
				CLANG_WARN_BOOL_CONVERSION = YES;
				CLANG_WARN_COMMA = YES;
				CLANG_WARN_CONSTANT_CONVERSION = YES;
				CLANG_WARN_DEPRECATED_OBJC_IMPLEMENTATIONS = YES;
				CLANG_WARN_DIRECT_OBJC_ISA_USAGE = YES_ERROR;
				CLANG_WARN_DOCUMENTATION_COMMENTS = YES;
				CLANG_WARN_EMPTY_BODY = YES;
				CLANG_WARN_ENUM_CONVERSION = YES;
				CLANG_WARN_INFINITE_RECURSION = YES;
				CLANG_WARN_INT_CONVERSION = YES;
				CLANG_WARN_NON_LITERAL_NULL_CONVERSION = YES;
				CLANG_WARN_OBJC_IMPLICIT_RETAIN_SELF = YES;
				CLANG_WARN_OBJC_LITERAL_CONVERSION = YES;
				CLANG_WARN_OBJC_ROOT_CLASS = YES_ERROR;
				CLANG_WARN_RANGE_LOOP_ANALYSIS = YES;
				CLANG_WARN_STRICT_PROTOTYPES = YES;
				CLANG_WARN_SUSPICIOUS_MOVE = YES;
				CLANG_WARN_UNGUARDED_AVAILABILITY = YES_AGGRESSIVE;
				CLANG_WARN_UNREACHABLE_CODE = YES;
				CLANG_WARN__DUPLICATE_METHOD_MATCH = YES;
				COPY_PHASE_STRIP = NO;
				DEBUG_INFORMATION_FORMAT = dwarf;
				ENABLE_STRICT_OBJC_MSGSEND = YES;
				ENABLE_TESTABILITY = YES;
				GCC_C_LANGUAGE_STANDARD = gnu11;
				GCC_DYNAMIC_NO_PIC = NO;
				GCC_NO_COMMON_BLOCKS = YES;
				GCC_OPTIMIZATION_LEVEL = 0;
				GCC_PREPROCESSOR_DEFINITIONS = (
					"DEBUG=1",
					"$(inherited)",
				);
				GCC_WARN_64_TO_32_BIT_CONVERSION = YES;
				GCC_WARN_ABOUT_RETURN_TYPE = YES_ERROR;
				GCC_WARN_UNDECLARED_SELECTOR = YES;
				GCC_WARN_UNINITIALIZED_AUTOS = YES_AGGRESSIVE;
				GCC_WARN_UNUSED_FUNCTION = YES;
				GCC_WARN_UNUSED_VARIABLE = YES;
				IPHONEOS_DEPLOYMENT_TARGET = 13.2;
				MTL_ENABLE_DEBUG_INFO = INCLUDE_SOURCE;
				MTL_FAST_MATH = YES;
				ONLY_ACTIVE_ARCH = YES;
				SDKROOT = iphoneos;
				SWIFT_ACTIVE_COMPILATION_CONDITIONS = DEBUG;
				SWIFT_OPTIMIZATION_LEVEL = "-Onone";
			};
			name = Debug;
		};
		984791A424019AC8003259C2 /* Release */ = {
			isa = XCBuildConfiguration;
			buildSettings = {
				ALWAYS_SEARCH_USER_PATHS = NO;
				CLANG_ANALYZER_NONNULL = YES;
				CLANG_ANALYZER_NUMBER_OBJECT_CONVERSION = YES_AGGRESSIVE;
				CLANG_CXX_LANGUAGE_STANDARD = "gnu++14";
				CLANG_CXX_LIBRARY = "libc++";
				CLANG_ENABLE_MODULES = YES;
				CLANG_ENABLE_OBJC_ARC = YES;
				CLANG_ENABLE_OBJC_WEAK = YES;
				CLANG_WARN_BLOCK_CAPTURE_AUTORELEASING = YES;
				CLANG_WARN_BOOL_CONVERSION = YES;
				CLANG_WARN_COMMA = YES;
				CLANG_WARN_CONSTANT_CONVERSION = YES;
				CLANG_WARN_DEPRECATED_OBJC_IMPLEMENTATIONS = YES;
				CLANG_WARN_DIRECT_OBJC_ISA_USAGE = YES_ERROR;
				CLANG_WARN_DOCUMENTATION_COMMENTS = YES;
				CLANG_WARN_EMPTY_BODY = YES;
				CLANG_WARN_ENUM_CONVERSION = YES;
				CLANG_WARN_INFINITE_RECURSION = YES;
				CLANG_WARN_INT_CONVERSION = YES;
				CLANG_WARN_NON_LITERAL_NULL_CONVERSION = YES;
				CLANG_WARN_OBJC_IMPLICIT_RETAIN_SELF = YES;
				CLANG_WARN_OBJC_LITERAL_CONVERSION = YES;
				CLANG_WARN_OBJC_ROOT_CLASS = YES_ERROR;
				CLANG_WARN_RANGE_LOOP_ANALYSIS = YES;
				CLANG_WARN_STRICT_PROTOTYPES = YES;
				CLANG_WARN_SUSPICIOUS_MOVE = YES;
				CLANG_WARN_UNGUARDED_AVAILABILITY = YES_AGGRESSIVE;
				CLANG_WARN_UNREACHABLE_CODE = YES;
				CLANG_WARN__DUPLICATE_METHOD_MATCH = YES;
				COPY_PHASE_STRIP = NO;
				DEBUG_INFORMATION_FORMAT = "dwarf-with-dsym";
				ENABLE_NS_ASSERTIONS = NO;
				ENABLE_STRICT_OBJC_MSGSEND = YES;
				GCC_C_LANGUAGE_STANDARD = gnu11;
				GCC_NO_COMMON_BLOCKS = YES;
				GCC_WARN_64_TO_32_BIT_CONVERSION = YES;
				GCC_WARN_ABOUT_RETURN_TYPE = YES_ERROR;
				GCC_WARN_UNDECLARED_SELECTOR = YES;
				GCC_WARN_UNINITIALIZED_AUTOS = YES_AGGRESSIVE;
				GCC_WARN_UNUSED_FUNCTION = YES;
				GCC_WARN_UNUSED_VARIABLE = YES;
				IPHONEOS_DEPLOYMENT_TARGET = 13.2;
				MTL_ENABLE_DEBUG_INFO = NO;
				MTL_FAST_MATH = YES;
				SDKROOT = iphoneos;
				SWIFT_COMPILATION_MODE = wholemodule;
				SWIFT_OPTIMIZATION_LEVEL = "-O";
				VALIDATE_PRODUCT = YES;
			};
			name = Release;
		};
		984791A624019AC8003259C2 /* Debug */ = {
			isa = XCBuildConfiguration;
			buildSettings = {
				ASSETCATALOG_COMPILER_APPICON_NAME = AppIcon;
				CODE_SIGN_ENTITLEMENTS = "H4X0R News  SwiftUI/H4X0R News  SwiftUI.entitlements";
				CODE_SIGN_STYLE = Automatic;
				DERIVE_MACCATALYST_PRODUCT_BUNDLE_IDENTIFIER = YES;
				DEVELOPMENT_ASSET_PATHS = "\"H4X0R News  SwiftUI/Preview Content\"";
				DEVELOPMENT_TEAM = S8YN767A55;
				ENABLE_PREVIEWS = YES;
				INFOPLIST_FILE = "H4X0R News  SwiftUI/Info.plist";
				LD_RUNPATH_SEARCH_PATHS = (
					"$(inherited)",
					"@executable_path/Frameworks",
				);
				PRODUCT_BUNDLE_IDENTIFIER = "com.teberdinsky.H4X0R-News--SwiftUI";
				PRODUCT_NAME = "$(TARGET_NAME)";
				SUPPORTS_MACCATALYST = YES;
				SWIFT_VERSION = 5.0;
				TARGETED_DEVICE_FAMILY = "1,2";
			};
			name = Debug;
		};
		984791A724019AC8003259C2 /* Release */ = {
			isa = XCBuildConfiguration;
			buildSettings = {
				ASSETCATALOG_COMPILER_APPICON_NAME = AppIcon;
				CODE_SIGN_ENTITLEMENTS = "H4X0R News  SwiftUI/H4X0R News  SwiftUI.entitlements";
				CODE_SIGN_STYLE = Automatic;
				DERIVE_MACCATALYST_PRODUCT_BUNDLE_IDENTIFIER = YES;
				DEVELOPMENT_ASSET_PATHS = "\"H4X0R News  SwiftUI/Preview Content\"";
				DEVELOPMENT_TEAM = S8YN767A55;
				ENABLE_PREVIEWS = YES;
				INFOPLIST_FILE = "H4X0R News  SwiftUI/Info.plist";
				LD_RUNPATH_SEARCH_PATHS = (
					"$(inherited)",
					"@executable_path/Frameworks",
				);
				PRODUCT_BUNDLE_IDENTIFIER = "com.teberdinsky.H4X0R-News--SwiftUI";
				PRODUCT_NAME = "$(TARGET_NAME)";
				SUPPORTS_MACCATALYST = YES;
				SWIFT_VERSION = 5.0;
				TARGETED_DEVICE_FAMILY = "1,2";
			};
			name = Release;
		};
/* End XCBuildConfiguration section */

/* Begin XCConfigurationList section */
		9847918C24019AC4003259C2 /* Build configuration list for PBXProject "H4X0R News  SwiftUI" */ = {
			isa = XCConfigurationList;
			buildConfigurations = (
				984791A324019AC8003259C2 /* Debug */,
				984791A424019AC8003259C2 /* Release */,
			);
			defaultConfigurationIsVisible = 0;
			defaultConfigurationName = Release;
		};
		984791A524019AC8003259C2 /* Build configuration list for PBXNativeTarget "H4X0R News  SwiftUI" */ = {
			isa = XCConfigurationList;
			buildConfigurations = (
				984791A624019AC8003259C2 /* Debug */,
				984791A724019AC8003259C2 /* Release */,
			);
			defaultConfigurationIsVisible = 0;
			defaultConfigurationName = Release;
		};
/* End XCConfigurationList section */
	};
	rootObject = 9847918924019AC4003259C2 /* Project object */;
}
